
Microsoft Visual Studio Solution File, Format Version 12.00
# Visual Studio Version 17
VisualStudioVersion = 17.11.35303.130
MinimumVisualStudioVersion = 10.0.40219.1
Project("{2150E333-8FDC-42A3-9474-1A3956D46DE8}") = "Task0", "Task0", "{D460DE86-2011-449F-8D38-798D34F96807}"
EndProject
Project("{2150E333-8FDC-42A3-9474-1A3956D46DE8}") = "Task2", "Task2", "{303C357C-736F-4308-964E-261BE038A846}"
EndProject
Project("{2150E333-8FDC-42A3-9474-1A3956D46DE8}") = "Task1", "Task1", "{F82E414F-7786-419C-8555-89DF9EA03F0E}"
EndProject
Project("{2150E333-8FDC-42A3-9474-1A3956D46DE8}") = "Task3", "Task3", "{76C96ACB-F2D0-4536-B92E-A19682F2015F}"
EndProject
Project("{2150E333-8FDC-42A3-9474-1A3956D46DE8}") = "Task4", "Task4", "{8AEF4FD8-1563-4032-9064-C86A10290124}"
EndProject
Project("{2150E333-8FDC-42A3-9474-1A3956D46DE8}") = "Task5", "Task5", "{4FD518AA-8650-47E6-B656-CACCDE0A819A}"
EndProject
Project("{2150E333-8FDC-42A3-9474-1A3956D46DE8}") = "Task6", "Task6", "{ED88C0F9-F9D2-4E12-909A-6E38C457D97C}"
EndProject
Project("{2150E333-8FDC-42A3-9474-1A3956D46DE8}") = "Task7", "Task7", "{8B6D5A14-402C-421E-B7E4-2A36166D61B3}"
EndProject
Project("{FAE04EC0-301F-11D3-BF4B-00C04F79EFBC}") = "Tyuiu.SeledkovNP.Sprint4.Task0.V6", "Tyuiu.SeledkovNP.Sprint4.Task0.V6\Tyuiu.SeledkovNP.Sprint4.Task0.V6.csproj", "{40D955B7-15B3-4C91-905E-332EADAE3E29}"
EndProject
Project("{FAE04EC0-301F-11D3-BF4B-00C04F79EFBC}") = "Tyuiu.SeledkovNP.Sprint4.Task0.V6.Lib", "Tyuiu.SeledkovNP.Sprint4.Task0.V6.Lib\Tyuiu.SeledkovNP.Sprint4.Task0.V6.Lib.csproj", "{B3361B17-B8C0-4471-AAC3-A895B90D5634}"
EndProject
Project("{FAE04EC0-301F-11D3-BF4B-00C04F79EFBC}") = "Tyuiu.SeledkovNP.Sprint4.Task0.V6.Test", "Tyuiu.SeledkovNP.Sprint4.Task0.V6.Test\Tyuiu.SeledkovNP.Sprint4.Task0.V6.Test.csproj", "{9DD29A1B-FF3F-4B98-A361-24F90ACB6CF9}"
EndProject
Project("{FAE04EC0-301F-11D3-BF4B-00C04F79EFBC}") = "Tyuiu.SeledkovNP.Sprint4.Task1.V21", "Tyuiu.SeledkovNP.Sprint4.Task1.V21\Tyuiu.SeledkovNP.Sprint4.Task1.V21.csproj", "{7924C5B1-EAAF-464F-9B94-175B1037819D}"
EndProject
Project("{FAE04EC0-301F-11D3-BF4B-00C04F79EFBC}") = "Tyuiu.SeledkovNP.Sprint4.Task1.V21.Lib", "Tyuiu.SeledkovNP.Sprint4.Task1.V21.Lib\Tyuiu.SeledkovNP.Sprint4.Task1.V21.Lib.csproj", "{44842026-8034-4B50-A585-E4531927947B}"
EndProject
Project("{FAE04EC0-301F-11D3-BF4B-00C04F79EFBC}") = "Tyuiu.SeledkovNP.Sprint4.Task1.V21.Test", "Tyuiu.SeledkovNP.Sprint4.Task1.V21.Test\Tyuiu.SeledkovNP.Sprint4.Task1.V21.Test.csproj", "{8A0558A0-1449-41D5-BF6E-18EFF7B36B7E}"
EndProject
Project("{FAE04EC0-301F-11D3-BF4B-00C04F79EFBC}") = "Tyuiu.SeledkovNP.Sprint4.Task2.V28", "Tyuiu.SeledkovNP.Sprint4.Task2.V28\Tyuiu.SeledkovNP.Sprint4.Task2.V28.csproj", "{BB496BC9-1CF3-457A-BA9E-9689F39BA81A}"
EndProject
Project("{FAE04EC0-301F-11D3-BF4B-00C04F79EFBC}") = "Tyuiu.SeledkovNP.Sprint4.Task2.V28.Lib", "Tyuiu.SeledkovNP.Sprint4.Task2.V28.Lib\Tyuiu.SeledkovNP.Sprint4.Task2.V28.Lib.csproj", "{D97D0FE7-5855-4505-AE77-932F9C2288EB}"
EndProject
Project("{FAE04EC0-301F-11D3-BF4B-00C04F79EFBC}") = "Tyuiu.SeledkovNP.Sprint4.Task2.V28.Test", "Tyuiu.SeledkovNP.Sprint4.Task2.V28.Test\Tyuiu.SeledkovNP.Sprint4.Task2.V28.Test.csproj", "{94406A27-551A-4885-8325-87C76C3F2ACD}"
EndProject
Project("{FAE04EC0-301F-11D3-BF4B-00C04F79EFBC}") = "Tyuiu.SeledkovNP.Sprint4.Task3.V18", "Tyuiu.SeledkovNP.Sprint4.Task3.V18\Tyuiu.SeledkovNP.Sprint4.Task3.V18.csproj", "{D9FFDB78-5F5C-4345-932D-2FD639F1580A}"
EndProject
Project("{FAE04EC0-301F-11D3-BF4B-00C04F79EFBC}") = "Tyuiu.SeledkovNP.Sprint4.Task3.V18.Lib", "Tyuiu.SeledkovNP.Sprint4.Task3.V18.Lib\Tyuiu.SeledkovNP.Sprint4.Task3.V18.Lib.csproj", "{60D995F3-C107-4D26-B2C9-69D909B03020}"
EndProject
Project("{FAE04EC0-301F-11D3-BF4B-00C04F79EFBC}") = "Tyuiu.SeledkovNP.Sprint4.Task3.V18.Test", "Tyuiu.SeledkovNP.Sprint4.Task3.V18.Test\Tyuiu.SeledkovNP.Sprint4.Task3.V18.Test.csproj", "{97FAEC2C-3131-44C6-9410-0363819B5453}"
EndProject
Project("{FAE04EC0-301F-11D3-BF4B-00C04F79EFBC}") = "Tyuiu.SeledkovNP.Sprint4.Task4.V20", "Tyuiu.SeledkovNP.Sprint4.Task4.V20\Tyuiu.SeledkovNP.Sprint4.Task4.V20.csproj", "{EE8BF109-035B-4A8B-AC04-102A8813AFDE}"
EndProject
Project("{FAE04EC0-301F-11D3-BF4B-00C04F79EFBC}") = "Tyuiu.SeledkovNP.Sprint4.Task4.V20.Lib", "Tyuiu.SeledkovNP.Sprint4.Task4.V20.Lib\Tyuiu.SeledkovNP.Sprint4.Task4.V20.Lib.csproj", "{16B63F05-FABA-4A70-A212-BA292E2EF735}"
EndProject
Project("{FAE04EC0-301F-11D3-BF4B-00C04F79EFBC}") = "Tyuiu.SeledkovNP.Sprint4.Task4.V20.Test", "Tyuiu.SeledkovNP.Sprint4.Task4.V20.Test\Tyuiu.SeledkovNP.Sprint4.Task4.V20.Test.csproj", "{246F822C-6A0B-4A9B-A6CF-A0F53C5C1745}"
EndProject
Global
	GlobalSection(SolutionConfigurationPlatforms) = preSolution
		Debug|Any CPU = Debug|Any CPU
		Release|Any CPU = Release|Any CPU
	EndGlobalSection
	GlobalSection(ProjectConfigurationPlatforms) = postSolution
		{40D955B7-15B3-4C91-905E-332EADAE3E29}.Debug|Any CPU.ActiveCfg = Debug|Any CPU
		{40D955B7-15B3-4C91-905E-332EADAE3E29}.Debug|Any CPU.Build.0 = Debug|Any CPU
		{40D955B7-15B3-4C91-905E-332EADAE3E29}.Release|Any CPU.ActiveCfg = Release|Any CPU
		{40D955B7-15B3-4C91-905E-332EADAE3E29}.Release|Any CPU.Build.0 = Release|Any CPU
		{B3361B17-B8C0-4471-AAC3-A895B90D5634}.Debug|Any CPU.ActiveCfg = Debug|Any CPU
		{B3361B17-B8C0-4471-AAC3-A895B90D5634}.Debug|Any CPU.Build.0 = Debug|Any CPU
		{B3361B17-B8C0-4471-AAC3-A895B90D5634}.Release|Any CPU.ActiveCfg = Release|Any CPU
		{B3361B17-B8C0-4471-AAC3-A895B90D5634}.Release|Any CPU.Build.0 = Release|Any CPU
		{9DD29A1B-FF3F-4B98-A361-24F90ACB6CF9}.Debug|Any CPU.ActiveCfg = Debug|Any CPU
		{9DD29A1B-FF3F-4B98-A361-24F90ACB6CF9}.Debug|Any CPU.Build.0 = Debug|Any CPU
		{9DD29A1B-FF3F-4B98-A361-24F90ACB6CF9}.Release|Any CPU.ActiveCfg = Release|Any CPU
		{9DD29A1B-FF3F-4B98-A361-24F90ACB6CF9}.Release|Any CPU.Build.0 = Release|Any CPU
		{7924C5B1-EAAF-464F-9B94-175B1037819D}.Debug|Any CPU.ActiveCfg = Debug|Any CPU
		{7924C5B1-EAAF-464F-9B94-175B1037819D}.Debug|Any CPU.Build.0 = Debug|Any CPU
		{7924C5B1-EAAF-464F-9B94-175B1037819D}.Release|Any CPU.ActiveCfg = Release|Any CPU
		{7924C5B1-EAAF-464F-9B94-175B1037819D}.Release|Any CPU.Build.0 = Release|Any CPU
		{44842026-8034-4B50-A585-E4531927947B}.Debug|Any CPU.ActiveCfg = Debug|Any CPU
		{44842026-8034-4B50-A585-E4531927947B}.Debug|Any CPU.Build.0 = Debug|Any CPU
		{44842026-8034-4B50-A585-E4531927947B}.Release|Any CPU.ActiveCfg = Release|Any CPU
		{44842026-8034-4B50-A585-E4531927947B}.Release|Any CPU.Build.0 = Release|Any CPU
		{8A0558A0-1449-41D5-BF6E-18EFF7B36B7E}.Debug|Any CPU.ActiveCfg = Debug|Any CPU
		{8A0558A0-1449-41D5-BF6E-18EFF7B36B7E}.Debug|Any CPU.Build.0 = Debug|Any CPU
		{8A0558A0-1449-41D5-BF6E-18EFF7B36B7E}.Release|Any CPU.ActiveCfg = Release|Any CPU
		{8A0558A0-1449-41D5-BF6E-18EFF7B36B7E}.Release|Any CPU.Build.0 = Release|Any CPU
		{BB496BC9-1CF3-457A-BA9E-9689F39BA81A}.Debug|Any CPU.ActiveCfg = Debug|Any CPU
		{BB496BC9-1CF3-457A-BA9E-9689F39BA81A}.Debug|Any CPU.Build.0 = Debug|Any CPU
		{BB496BC9-1CF3-457A-BA9E-9689F39BA81A}.Release|Any CPU.ActiveCfg = Release|Any CPU
		{BB496BC9-1CF3-457A-BA9E-9689F39BA81A}.Release|Any CPU.Build.0 = Release|Any CPU
		{D97D0FE7-5855-4505-AE77-932F9C2288EB}.Debug|Any CPU.ActiveCfg = Debug|Any CPU
		{D97D0FE7-5855-4505-AE77-932F9C2288EB}.Debug|Any CPU.Build.0 = Debug|Any CPU
		{D97D0FE7-5855-4505-AE77-932F9C2288EB}.Release|Any CPU.ActiveCfg = Release|Any CPU
		{D97D0FE7-5855-4505-AE77-932F9C2288EB}.Release|Any CPU.Build.0 = Release|Any CPU
		{94406A27-551A-4885-8325-87C76C3F2ACD}.Debug|Any CPU.ActiveCfg = Debug|Any CPU
		{94406A27-551A-4885-8325-87C76C3F2ACD}.Debug|Any CPU.Build.0 = Debug|Any CPU
		{94406A27-551A-4885-8325-87C76C3F2ACD}.Release|Any CPU.ActiveCfg = Release|Any CPU
		{94406A27-551A-4885-8325-87C76C3F2ACD}.Release|Any CPU.Build.0 = Release|Any CPU
		{D9FFDB78-5F5C-4345-932D-2FD639F1580A}.Debug|Any CPU.ActiveCfg = Debug|Any CPU
		{D9FFDB78-5F5C-4345-932D-2FD639F1580A}.Debug|Any CPU.Build.0 = Debug|Any CPU
		{D9FFDB78-5F5C-4345-932D-2FD639F1580A}.Release|Any CPU.ActiveCfg = Release|Any CPU
		{D9FFDB78-5F5C-4345-932D-2FD639F1580A}.Release|Any CPU.Build.0 = Release|Any CPU
		{60D995F3-C107-4D26-B2C9-69D909B03020}.Debug|Any CPU.ActiveCfg = Debug|Any CPU
		{60D995F3-C107-4D26-B2C9-69D909B03020}.Debug|Any CPU.Build.0 = Debug|Any CPU
		{60D995F3-C107-4D26-B2C9-69D909B03020}.Release|Any CPU.ActiveCfg = Release|Any CPU
		{60D995F3-C107-4D26-B2C9-69D909B03020}.Release|Any CPU.Build.0 = Release|Any CPU
		{97FAEC2C-3131-44C6-9410-0363819B5453}.Debug|Any CPU.ActiveCfg = Debug|Any CPU
		{97FAEC2C-3131-44C6-9410-0363819B5453}.Debug|Any CPU.Build.0 = Debug|Any CPU
		{97FAEC2C-3131-44C6-9410-0363819B5453}.Release|Any CPU.ActiveCfg = Release|Any CPU
		{97FAEC2C-3131-44C6-9410-0363819B5453}.Release|Any CPU.Build.0 = Release|Any CPU
		{EE8BF109-035B-4A8B-AC04-102A8813AFDE}.Debug|Any CPU.ActiveCfg = Debug|Any CPU
		{EE8BF109-035B-4A8B-AC04-102A8813AFDE}.Debug|Any CPU.Build.0 = Debug|Any CPU
		{EE8BF109-035B-4A8B-AC04-102A8813AFDE}.Release|Any CPU.ActiveCfg = Release|Any CPU
		{EE8BF109-035B-4A8B-AC04-102A8813AFDE}.Release|Any CPU.Build.0 = Release|Any CPU
		{16B63F05-FABA-4A70-A212-BA292E2EF735}.Debug|Any CPU.ActiveCfg = Debug|Any CPU
		{16B63F05-FABA-4A70-A212-BA292E2EF735}.Debug|Any CPU.Build.0 = Debug|Any CPU
		{16B63F05-FABA-4A70-A212-BA292E2EF735}.Release|Any CPU.ActiveCfg = Release|Any CPU
		{16B63F05-FABA-4A70-A212-BA292E2EF735}.Release|Any CPU.Build.0 = Release|Any CPU
		{246F822C-6A0B-4A9B-A6CF-A0F53C5C1745}.Debug|Any CPU.ActiveCfg = Debug|Any CPU
		{246F822C-6A0B-4A9B-A6CF-A0F53C5C1745}.Debug|Any CPU.Build.0 = Debug|Any CPU
		{246F822C-6A0B-4A9B-A6CF-A0F53C5C1745}.Release|Any CPU.ActiveCfg = Release|Any CPU
		{246F822C-6A0B-4A9B-A6CF-A0F53C5C1745}.Release|Any CPU.Build.0 = Release|Any CPU
	EndGlobalSection
	GlobalSection(SolutionProperties) = preSolution
		HideSolutionNode = FALSE
	EndGlobalSection
	GlobalSection(NestedProjects) = preSolution
		{40D955B7-15B3-4C91-905E-332EADAE3E29} = {D460DE86-2011-449F-8D38-798D34F96807}
		{B3361B17-B8C0-4471-AAC3-A895B90D5634} = {D460DE86-2011-449F-8D38-798D34F96807}
		{9DD29A1B-FF3F-4B98-A361-24F90ACB6CF9} = {D460DE86-2011-449F-8D38-798D34F96807}
		{7924C5B1-EAAF-464F-9B94-175B1037819D} = {F82E414F-7786-419C-8555-89DF9EA03F0E}
		{44842026-8034-4B50-A585-E4531927947B} = {F82E414F-7786-419C-8555-89DF9EA03F0E}
		{8A0558A0-1449-41D5-BF6E-18EFF7B36B7E} = {F82E414F-7786-419C-8555-89DF9EA03F0E}
		{BB496BC9-1CF3-457A-BA9E-9689F39BA81A} = {303C357C-736F-4308-964E-261BE038A846}
		{D97D0FE7-5855-4505-AE77-932F9C2288EB} = {303C357C-736F-4308-964E-261BE038A846}
		{94406A27-551A-4885-8325-87C76C3F2ACD} = {303C357C-736F-4308-964E-261BE038A846}
		{D9FFDB78-5F5C-4345-932D-2FD639F1580A} = {76C96ACB-F2D0-4536-B92E-A19682F2015F}
		{60D995F3-C107-4D26-B2C9-69D909B03020} = {76C96ACB-F2D0-4536-B92E-A19682F2015F}
		{97FAEC2C-3131-44C6-9410-0363819B5453} = {76C96ACB-F2D0-4536-B92E-A19682F2015F}
		{EE8BF109-035B-4A8B-AC04-102A8813AFDE} = {8AEF4FD8-1563-4032-9064-C86A10290124}
		{16B63F05-FABA-4A70-A212-BA292E2EF735} = {8AEF4FD8-1563-4032-9064-C86A10290124}
		{246F822C-6A0B-4A9B-A6CF-A0F53C5C1745} = {8AEF4FD8-1563-4032-9064-C86A10290124}
	EndGlobalSection
	GlobalSection(ExtensibilityGlobals) = postSolution
		SolutionGuid = {99A0E895-BC1A-4B26-812C-42DC82242CED}
	EndGlobalSection
EndGlobal
